
Microsoft Visual Studio Solution File, Format Version 12.00
# Visual Studio Version 17
VisualStudioVersion = 17.0.31903.59
MinimumVisualStudioVersion = 10.0.40219.1
Project("{FAE04EC0-301F-11D3-BF4B-00C04F79EFBC}") = "QuizApi", "QuizApi\QuizApi.csproj", "{C4C43C1A-2E8F-426D-BE25-45E2AEC793DA}"
EndProject
Project("{FAE04EC0-301F-11D3-BF4B-00C04F79EFBC}") = "Domain", "Domain\Domain.csproj", "{B055C913-326E-4AF3-9CE0-FE04D7216502}"
EndProject
Project("{FAE04EC0-301F-11D3-BF4B-00C04F79EFBC}") = "Application", "Application\Application.csproj", "{4AA295AA-E062-4D18-96D0-CEA49020EB68}"
EndProject
Project("{FAE04EC0-301F-11D3-BF4B-00C04F79EFBC}") = "Infrastructure", "Infrastructure\Infrastructure.csproj", "{5AF0C1E3-68F3-41D2-A513-6609B86AAB09}"
EndProject
Project("{FAE04EC0-301F-11D3-BF4B-00C04F79EFBC}") = "Contracts", "Contracts\Contracts.csproj", "{44841D04-521A-4AC9-8868-038E845B9983}"
EndProject
Global
	GlobalSection(SolutionConfigurationPlatforms) = preSolution
		Debug|Any CPU = Debug|Any CPU
		Release|Any CPU = Release|Any CPU
	EndGlobalSection
	GlobalSection(SolutionProperties) = preSolution
		HideSolutionNode = FALSE
	EndGlobalSection
	GlobalSection(ProjectConfigurationPlatforms) = postSolution
		{C4C43C1A-2E8F-426D-BE25-45E2AEC793DA}.Debug|Any CPU.ActiveCfg = Debug|Any CPU
		{C4C43C1A-2E8F-426D-BE25-45E2AEC793DA}.Debug|Any CPU.Build.0 = Debug|Any CPU
		{C4C43C1A-2E8F-426D-BE25-45E2AEC793DA}.Release|Any CPU.ActiveCfg = Release|Any CPU
		{C4C43C1A-2E8F-426D-BE25-45E2AEC793DA}.Release|Any CPU.Build.0 = Release|Any CPU
		{B055C913-326E-4AF3-9CE0-FE04D7216502}.Debug|Any CPU.ActiveCfg = Debug|Any CPU
		{B055C913-326E-4AF3-9CE0-FE04D7216502}.Debug|Any CPU.Build.0 = Debug|Any CPU
		{B055C913-326E-4AF3-9CE0-FE04D7216502}.Release|Any CPU.ActiveCfg = Release|Any CPU
		{B055C913-326E-4AF3-9CE0-FE04D7216502}.Release|Any CPU.Build.0 = Release|Any CPU
		{4AA295AA-E062-4D18-96D0-CEA49020EB68}.Debug|Any CPU.ActiveCfg = Debug|Any CPU
		{4AA295AA-E062-4D18-96D0-CEA49020EB68}.Debug|Any CPU.Build.0 = Debug|Any CPU
		{4AA295AA-E062-4D18-96D0-CEA49020EB68}.Release|Any CPU.ActiveCfg = Release|Any CPU
		{4AA295AA-E062-4D18-96D0-CEA49020EB68}.Release|Any CPU.Build.0 = Release|Any CPU
		{5AF0C1E3-68F3-41D2-A513-6609B86AAB09}.Debug|Any CPU.ActiveCfg = Debug|Any CPU
		{5AF0C1E3-68F3-41D2-A513-6609B86AAB09}.Debug|Any CPU.Build.0 = Debug|Any CPU
		{5AF0C1E3-68F3-41D2-A513-6609B86AAB09}.Release|Any CPU.ActiveCfg = Release|Any CPU
		{5AF0C1E3-68F3-41D2-A513-6609B86AAB09}.Release|Any CPU.Build.0 = Release|Any CPU
		{44841D04-521A-4AC9-8868-038E845B9983}.Debug|Any CPU.ActiveCfg = Debug|Any CPU
		{44841D04-521A-4AC9-8868-038E845B9983}.Debug|Any CPU.Build.0 = Debug|Any CPU
		{44841D04-521A-4AC9-8868-038E845B9983}.Release|Any CPU.ActiveCfg = Release|Any CPU
		{44841D04-521A-4AC9-8868-038E845B9983}.Release|Any CPU.Build.0 = Release|Any CPU
	EndGlobalSection
EndGlobal
